
Microsoft Visual Studio Solution File, Format Version 12.00
# Visual Studio Version 17
VisualStudioVersion = 17.2.32630.192
MinimumVisualStudioVersion = 10.0.40219.1
Project("{FAE04EC0-301F-11D3-BF4B-00C04F79EFBC}") = "Week7GroupWork", "Week7GroupWork\Week7GroupWork.csproj", "{6E4555A8-8044-4DDE-A251-6BFA53F389D8}"
EndProject
Global
	GlobalSection(SolutionConfigurationPlatforms) = preSolution
		Debug|Any CPU = Debug|Any CPU
		Release|Any CPU = Release|Any CPU
	EndGlobalSection
	GlobalSection(ProjectConfigurationPlatforms) = postSolution
		{6E4555A8-8044-4DDE-A251-6BFA53F389D8}.Debug|Any CPU.ActiveCfg = Debug|Any CPU
		{6E4555A8-8044-4DDE-A251-6BFA53F389D8}.Debug|Any CPU.Build.0 = Debug|Any CPU
		{6E4555A8-8044-4DDE-A251-6BFA53F389D8}.Release|Any CPU.ActiveCfg = Release|Any CPU
		{6E4555A8-8044-4DDE-A251-6BFA53F389D8}.Release|Any CPU.Build.0 = Release|Any CPU
	EndGlobalSection
	GlobalSection(SolutionProperties) = preSolution
		HideSolutionNode = FALSE
	EndGlobalSection
	GlobalSection(ExtensibilityGlobals) = postSolution
		SolutionGuid = {161EBBD4-0C12-417D-831C-90EA97AF698E}
	EndGlobalSection
EndGlobal
